{
  "name": "tiny-https-server",
  "version": "2.0.0-beta.5",
  "lockfileVersion": 3,
  "requires": true,
  "packages": {
    "": {
      "name": "tiny-https-server",
      "version": "2.0.0-beta.5",
      "license": "MIT",
      "dependencies": {
        "config-sets": "^3.0.0-beta.3",
        "data-context": "^2.0.0-beta.6"
      },
      "bin": {
        "tiny-https-server": "bin/tiny-https-server.js"
      },
      "devDependencies": {},
      "funding": {
        "url": "https://manuel-lohmus.github.io/tiny-https-server/README.html#license"
      }
    },
    "node_modules/config-sets": {
      "version": "3.0.0-beta.3",
      "resolved": "https://registry.npmjs.org/config-sets/-/config-sets-3.0.0-beta.3.tgz",
      "integrity": "sha512-3bho8WutLnlCjITLQsL22zFhQNZ7PE4Iov0I+Hx4qbMI2aSmlo90GMTf455eZSHnY75/tPdo2l1jV4fv+wdb5w==",
      "dependencies": {
        "data-context": "^2.0.0-beta.6"
      },
      "funding": {
        "url": "https://manuel-lohmus.github.io/config-sets/README.html#license"
      }
    },
    "node_modules/data-context": {
      "version": "2.0.0-beta.6",
      "resolved": "https://registry.npmjs.org/data-context/-/data-context-2.0.0-beta.6.tgz",
      "integrity": "sha512-tCEPkuxJwyBHREBnnYL9eOVEJr8Mq4wCQSLfNUpo8aeuaQVluNqO1Y4CvdA4mQSQyqLEFTgcSvbYpJiyZCmDiQ==",
      "funding": {
        "url": "https://manuel-lohmus.github.io/data-context/README.html#license"
      }
    }
  }
}
