{
  "name": "tiny-https-server",
  "version": "1.0.2",
  "lockfileVersion": 2,
  "requires": true,
  "packages": {
    "": {
      "name": "tiny-https-server",
      "version": "1.0.2",
      "license": "MIT",
      "dependencies": {
        "config-sets": "^2.0.0",
        "try-to-run": "^1.0.0"
      },
      "devDependencies": {
        "browse-url": "^1.0.0",
        "log-report": "^2.0.0"
      }
    },
    "node_modules/browse-url": {
      "version": "1.1.0",
      "resolved": "https://registry.npmjs.org/browse-url/-/browse-url-1.1.0.tgz",
      "integrity": "sha512-/5yzqctazspQxzRqWW9+aAZX2IGwxwo3euhgkl9Bhrm8cgWpwjggyqOlhO/OQb3Olqh+GNtXReFrndSPZ2ohLg==",
      "dev": true,
      "dependencies": {
        "config-sets": "^2.0.0"
      }
    },
    "node_modules/config-sets": {
      "version": "2.1.0",
      "resolved": "https://registry.npmjs.org/config-sets/-/config-sets-2.1.0.tgz",
      "integrity": "sha512-lcOZqgJ6W7HswNU0NOZ5BuQaFrhNrJljck0T0jPGVWYRJnaT70b6f/6HN5EPeRAW6TYdwHiSNu2ZA3ARXWaLQw=="
    },
    "node_modules/log-report": {
      "version": "2.1.0",
      "resolved": "https://registry.npmjs.org/log-report/-/log-report-2.1.0.tgz",
      "integrity": "sha512-qGoodzTxyJr5IC43UC19bZ3ISwtg/g7iqrqgm1DK7QXOOPw6DePvm/4gMf1zBimkokYdbh2wmLFSCzVdH/lVRw==",
      "dev": true,
      "dependencies": {
        "config-sets": "^2.0.0"
      }
    },
    "node_modules/try-to-run": {
      "version": "1.0.0",
      "resolved": "https://registry.npmjs.org/try-to-run/-/try-to-run-1.0.0.tgz",
      "integrity": "sha512-y0GFTDttgdNZp7UJAjseuHRTeGVqCjfrj4sL/NPPyFu1s7SJhsMBjl7alawxTSCZ11mrG2UiZSL/GYBWsn/Bsg=="
    }
  },
  "dependencies": {
    "browse-url": {
      "version": "1.1.0",
      "resolved": "https://registry.npmjs.org/browse-url/-/browse-url-1.1.0.tgz",
      "integrity": "sha512-/5yzqctazspQxzRqWW9+aAZX2IGwxwo3euhgkl9Bhrm8cgWpwjggyqOlhO/OQb3Olqh+GNtXReFrndSPZ2ohLg==",
      "dev": true,
      "requires": {
        "config-sets": "^2.0.0"
      }
    },
    "config-sets": {
      "version": "2.1.0",
      "resolved": "https://registry.npmjs.org/config-sets/-/config-sets-2.1.0.tgz",
      "integrity": "sha512-lcOZqgJ6W7HswNU0NOZ5BuQaFrhNrJljck0T0jPGVWYRJnaT70b6f/6HN5EPeRAW6TYdwHiSNu2ZA3ARXWaLQw=="
    },
    "log-report": {
      "version": "2.1.0",
      "resolved": "https://registry.npmjs.org/log-report/-/log-report-2.1.0.tgz",
      "integrity": "sha512-qGoodzTxyJr5IC43UC19bZ3ISwtg/g7iqrqgm1DK7QXOOPw6DePvm/4gMf1zBimkokYdbh2wmLFSCzVdH/lVRw==",
      "dev": true,
      "requires": {
        "config-sets": "^2.0.0"
      }
    },
    "try-to-run": {
      "version": "1.0.0",
      "resolved": "https://registry.npmjs.org/try-to-run/-/try-to-run-1.0.0.tgz",
      "integrity": "sha512-y0GFTDttgdNZp7UJAjseuHRTeGVqCjfrj4sL/NPPyFu1s7SJhsMBjl7alawxTSCZ11mrG2UiZSL/GYBWsn/Bsg=="
    }
  }
}
