{
  "name": "tiny-https-server",
  "version": "2.0.0-beta.17",
  "lockfileVersion": 3,
  "requires": true,
  "packages": {
    "": {
      "name": "tiny-https-server",
      "version": "2.0.0-beta.17",
      "license": "MIT",
      "dependencies": {
        "config-sets": "^3.0.0-beta.10",
        "data-context": "^2.0.0-beta.18"
      },
      "bin": {
        "tiny-https-server": "bin/tiny-https-server.js"
      },
      "devDependencies": {},
      "funding": {
        "url": "https://manuel-lohmus.github.io/tiny-https-server/README.html#license"
      }
    },
    "node_modules/config-sets": {
      "version": "3.0.0-beta.10",
      "resolved": "https://registry.npmjs.org/config-sets/-/config-sets-3.0.0-beta.10.tgz",
      "integrity": "sha512-pcRsIzPU4cfaB1NDXBn8H479ksn8j+ejsVctIoyep6O3FH+j0gI9LVuUX8Eg54Wk2BvrrQhet+s/7sWLHmZ0wA==",
      "dependencies": {
        "data-context": "^2.0.0-beta.18"
      },
      "funding": {
        "url": "https://manuel-lohmus.github.io/config-sets/README.html#license"
      }
    },
    "node_modules/data-context": {
      "version": "2.0.0-beta.18",
      "resolved": "https://registry.npmjs.org/data-context/-/data-context-2.0.0-beta.18.tgz",
      "integrity": "sha512-S9VzUjnCIWzDgzlaXV0K2VzSLuFEGhj+aCSSo+a31G2fgtcosDj0mxsRjzlkbNcLqLK8uXm1Zug9N+UxJ3V/Sw==",
      "funding": {
        "url": "https://manuel-lohmus.github.io/data-context/README.html#license"
      }
    }
  }
}
